// !$*UTF8*$!
{
	archiveVersion = 1;
	classes = {
	};
	objectVersion = 56;
	objects = {

/* Begin PBXBuildFile section */
		D19424F32C0DAF0F00F903D6 /* Stacks.swift in Sources */ = {isa = PBXBuildFile; fileRef = D19424F22C0DAF0F00F903D6 /* Stacks.swift */; };
		D19424F92C0DC3C800F903D6 /* Padding.swift in Sources */ = {isa = PBXBuildFile; fileRef = D19424F82C0DC3C800F903D6 /* Padding.swift */; };
		D1AFF0A62C0C3EB9006C9D79 /* WeatherApp.swift in Sources */ = {isa = PBXBuildFile; fileRef = D1AFF0A52C0C3EB9006C9D79 /* WeatherApp.swift */; };
		D1AFF0A82C0C3EB9006C9D79 /* ContentView.swift in Sources */ = {isa = PBXBuildFile; fileRef = D1AFF0A72C0C3EB9006C9D79 /* ContentView.swift */; };
		D1AFF0AA2C0C3EBC006C9D79 /* Assets.xcassets in Resources */ = {isa = PBXBuildFile; fileRef = D1AFF0A92C0C3EBC006C9D79 /* Assets.xcassets */; };
		D1AFF0AE2C0C3EBC006C9D79 /* Preview Assets.xcassets in Resources */ = {isa = PBXBuildFile; fileRef = D1AFF0AD2C0C3EBC006C9D79 /* Preview Assets.xcassets */; };
		D1AFF0B82C0C3EBC006C9D79 /* WeatherTests.swift in Sources */ = {isa = PBXBuildFile; fileRef = D1AFF0B72C0C3EBC006C9D79 /* WeatherTests.swift */; };
		D1AFF0C22C0C3EBC006C9D79 /* WeatherUITests.swift in Sources */ = {isa = PBXBuildFile; fileRef = D1AFF0C12C0C3EBC006C9D79 /* WeatherUITests.swift */; };
		D1AFF0C42C0C3EBC006C9D79 /* WeatherUITestsLaunchTests.swift in Sources */ = {isa = PBXBuildFile; fileRef = D1AFF0C32C0C3EBC006C9D79 /* WeatherUITestsLaunchTests.swift */; };
		D1AFF0D52C0C41B0006C9D79 /* ExtractData.swift in Sources */ = {isa = PBXBuildFile; fileRef = D1AFF0D42C0C41B0006C9D79 /* ExtractData.swift */; };
/* End PBXBuildFile section */

/* Begin PBXContainerItemProxy section */
		D1AFF0B42C0C3EBC006C9D79 /* PBXContainerItemProxy */ = {
			isa = PBXContainerItemProxy;
			containerPortal = D1AFF09A2C0C3EB9006C9D79 /* Project object */;
			proxyType = 1;
			remoteGlobalIDString = D1AFF0A12C0C3EB9006C9D79;
			remoteInfo = Weather;
		};
		D1AFF0BE2C0C3EBC006C9D79 /* PBXContainerItemProxy */ = {
			isa = PBXContainerItemProxy;
			containerPortal = D1AFF09A2C0C3EB9006C9D79 /* Project object */;
			proxyType = 1;
			remoteGlobalIDString = D1AFF0A12C0C3EB9006C9D79;
			remoteInfo = Weather;
		};
/* End PBXContainerItemProxy section */

/* Begin PBXFileReference section */
		D19424F22C0DAF0F00F903D6 /* Stacks.swift */ = {isa = PBXFileReference; lastKnownFileType = sourcecode.swift; path = Stacks.swift; sourceTree = "<group>"; };
		D19424F82C0DC3C800F903D6 /* Padding.swift */ = {isa = PBXFileReference; lastKnownFileType = sourcecode.swift; path = Padding.swift; sourceTree = "<group>"; };
		D1AFF0A22C0C3EB9006C9D79 /* Weather.app */ = {isa = PBXFileReference; explicitFileType = wrapper.application; includeInIndex = 0; path = Weather.app; sourceTree = BUILT_PRODUCTS_DIR; };
		D1AFF0A52C0C3EB9006C9D79 /* WeatherApp.swift */ = {isa = PBXFileReference; lastKnownFileType = sourcecode.swift; path = WeatherApp.swift; sourceTree = "<group>"; };
		D1AFF0A72C0C3EB9006C9D79 /* ContentView.swift */ = {isa = PBXFileReference; lastKnownFileType = sourcecode.swift; path = ContentView.swift; sourceTree = "<group>"; };
		D1AFF0A92C0C3EBC006C9D79 /* Assets.xcassets */ = {isa = PBXFileReference; lastKnownFileType = folder.assetcatalog; path = Assets.xcassets; sourceTree = "<group>"; };
		D1AFF0AB2C0C3EBC006C9D79 /* Weather.entitlements */ = {isa = PBXFileReference; lastKnownFileType = text.plist.entitlements; path = Weather.entitlements; sourceTree = "<group>"; };
		D1AFF0AD2C0C3EBC006C9D79 /* Preview Assets.xcassets */ = {isa = PBXFileReference; lastKnownFileType = folder.assetcatalog; path = "Preview Assets.xcassets"; sourceTree = "<group>"; };
		D1AFF0B32C0C3EBC006C9D79 /* WeatherTests.xctest */ = {isa = PBXFileReference; explicitFileType = wrapper.cfbundle; includeInIndex = 0; path = WeatherTests.xctest; sourceTree = BUILT_PRODUCTS_DIR; };
		D1AFF0B72C0C3EBC006C9D79 /* WeatherTests.swift */ = {isa = PBXFileReference; lastKnownFileType = sourcecode.swift; path = WeatherTests.swift; sourceTree = "<group>"; };
		D1AFF0BD2C0C3EBC006C9D79 /* WeatherUITests.xctest */ = {isa = PBXFileReference; explicitFileType = wrapper.cfbundle; includeInIndex = 0; path = WeatherUITests.xctest; sourceTree = BUILT_PRODUCTS_DIR; };
		D1AFF0C12C0C3EBC006C9D79 /* WeatherUITests.swift */ = {isa = PBXFileReference; lastKnownFileType = sourcecode.swift; path = WeatherUITests.swift; sourceTree = "<group>"; };
		D1AFF0C32C0C3EBC006C9D79 /* WeatherUITestsLaunchTests.swift */ = {isa = PBXFileReference; lastKnownFileType = sourcecode.swift; path = WeatherUITestsLaunchTests.swift; sourceTree = "<group>"; };
		D1AFF0D42C0C41B0006C9D79 /* ExtractData.swift */ = {isa = PBXFileReference; lastKnownFileType = sourcecode.swift; path = ExtractData.swift; sourceTree = "<group>"; };
/* End PBXFileReference section */

/* Begin PBXFrameworksBuildPhase section */
		D1AFF09F2C0C3EB9006C9D79 /* Frameworks */ = {
			isa = PBXFrameworksBuildPhase;
			buildActionMask = 2147483647;
			files = (
			);
			runOnlyForDeploymentPostprocessing = 0;
		};
		D1AFF0B02C0C3EBC006C9D79 /* Frameworks */ = {
			isa = PBXFrameworksBuildPhase;
			buildActionMask = 2147483647;
			files = (
			);
			runOnlyForDeploymentPostprocessing = 0;
		};
		D1AFF0BA2C0C3EBC006C9D79 /* Frameworks */ = {
			isa = PBXFrameworksBuildPhase;
			buildActionMask = 2147483647;
			files = (
			);
			runOnlyForDeploymentPostprocessing = 0;
		};
/* End PBXFrameworksBuildPhase section */

/* Begin PBXGroup section */
		D19424F12C0DAEAB00F903D6 /* Stack */ = {
			isa = PBXGroup;
			children = (
				D19424F22C0DAF0F00F903D6 /* Stacks.swift */,
				D19424F82C0DC3C800F903D6 /* Padding.swift */,
			);
			path = Stack;
			sourceTree = "<group>";
		};
		D1AFF0992C0C3EB9006C9D79 = {
			isa = PBXGroup;
			children = (
				D1AFF0A42C0C3EB9006C9D79 /* Weather */,
				D1AFF0B62C0C3EBC006C9D79 /* WeatherTests */,
				D1AFF0C02C0C3EBC006C9D79 /* WeatherUITests */,
				D1AFF0A32C0C3EB9006C9D79 /* Products */,
			);
			sourceTree = "<group>";
		};
		D1AFF0A32C0C3EB9006C9D79 /* Products */ = {
			isa = PBXGroup;
			children = (
				D1AFF0A22C0C3EB9006C9D79 /* Weather.app */,
				D1AFF0B32C0C3EBC006C9D79 /* WeatherTests.xctest */,
				D1AFF0BD2C0C3EBC006C9D79 /* WeatherUITests.xctest */,
			);
			name = Products;
			sourceTree = "<group>";
		};
		D1AFF0A42C0C3EB9006C9D79 /* Weather */ = {
			isa = PBXGroup;
			children = (
				D1AFF0D32C0C4163006C9D79 /* AssetsForProject */,
				D1AFF0D12C0C40D5006C9D79 /* Model */,
				D1AFF0AC2C0C3EBC006C9D79 /* Preview Content */,
				D1AFF0D02C0C40CA006C9D79 /* View */,
				D1AFF0D22C0C40E3006C9D79 /* ViewModel */,
				D1AFF0AB2C0C3EBC006C9D79 /* Weather.entitlements */,
			);
			path = Weather;
			sourceTree = "<group>";
		};
		D1AFF0AC2C0C3EBC006C9D79 /* Preview Content */ = {
			isa = PBXGroup;
			children = (
				D1AFF0AD2C0C3EBC006C9D79 /* Preview Assets.xcassets */,
			);
			path = "Preview Content";
			sourceTree = "<group>";
		};
		D1AFF0B62C0C3EBC006C9D79 /* WeatherTests */ = {
			isa = PBXGroup;
			children = (
				D1AFF0B72C0C3EBC006C9D79 /* WeatherTests.swift */,
			);
			path = WeatherTests;
			sourceTree = "<group>";
		};
		D1AFF0C02C0C3EBC006C9D79 /* WeatherUITests */ = {
			isa = PBXGroup;
			children = (
				D1AFF0C12C0C3EBC006C9D79 /* WeatherUITests.swift */,
				D1AFF0C32C0C3EBC006C9D79 /* WeatherUITestsLaunchTests.swift */,
			);
			path = WeatherUITests;
			sourceTree = "<group>";
		};
		D1AFF0D02C0C40CA006C9D79 /* View */ = {
			isa = PBXGroup;
			children = (
				D1AFF0A72C0C3EB9006C9D79 /* ContentView.swift */,
				D19424F12C0DAEAB00F903D6 /* Stack */,
			);
			path = View;
			sourceTree = "<group>";
		};
		D1AFF0D12C0C40D5006C9D79 /* Model */ = {
			isa = PBXGroup;
			children = (
				D1AFF0A52C0C3EB9006C9D79 /* WeatherApp.swift */,
			);
			path = Model;
			sourceTree = "<group>";
		};
		D1AFF0D22C0C40E3006C9D79 /* ViewModel */ = {
			isa = PBXGroup;
			children = (
				D1AFF0D42C0C41B0006C9D79 /* ExtractData.swift */,
			);
			path = ViewModel;
			sourceTree = "<group>";
		};
		D1AFF0D32C0C4163006C9D79 /* AssetsForProject */ = {
			isa = PBXGroup;
			children = (
				D1AFF0A92C0C3EBC006C9D79 /* Assets.xcassets */,
			);
			path = AssetsForProject;
			sourceTree = "<group>";
		};
/* End PBXGroup section */

/* Begin PBXNativeTarget section */
		D1AFF0A12C0C3EB9006C9D79 /* Weather */ = {
			isa = PBXNativeTarget;
			buildConfigurationList = D1AFF0C72C0C3EBC006C9D79 /* Build configuration list for PBXNativeTarget "Weather" */;
			buildPhases = (
				D1AFF09E2C0C3EB9006C9D79 /* Sources */,
				D1AFF09F2C0C3EB9006C9D79 /* Frameworks */,
				D1AFF0A02C0C3EB9006C9D79 /* Resources */,
			);
			buildRules = (
			);
			dependencies = (
			);
			name = Weather;
			productName = Weather;
			productReference = D1AFF0A22C0C3EB9006C9D79 /* Weather.app */;
			productType = "com.apple.product-type.application";
		};
		D1AFF0B22C0C3EBC006C9D79 /* WeatherTests */ = {
			isa = PBXNativeTarget;
			buildConfigurationList = D1AFF0CA2C0C3EBC006C9D79 /* Build configuration list for PBXNativeTarget "WeatherTests" */;
			buildPhases = (
				D1AFF0AF2C0C3EBC006C9D79 /* Sources */,
				D1AFF0B02C0C3EBC006C9D79 /* Frameworks */,
				D1AFF0B12C0C3EBC006C9D79 /* Resources */,
			);
			buildRules = (
			);
			dependencies = (
				D1AFF0B52C0C3EBC006C9D79 /* PBXTargetDependency */,
			);
			name = WeatherTests;
			productName = WeatherTests;
			productReference = D1AFF0B32C0C3EBC006C9D79 /* WeatherTests.xctest */;
			productType = "com.apple.product-type.bundle.unit-test";
		};
		D1AFF0BC2C0C3EBC006C9D79 /* WeatherUITests */ = {
			isa = PBXNativeTarget;
			buildConfigurationList = D1AFF0CD2C0C3EBC006C9D79 /* Build configuration list for PBXNativeTarget "WeatherUITests" */;
			buildPhases = (
				D1AFF0B92C0C3EBC006C9D79 /* Sources */,
				D1AFF0BA2C0C3EBC006C9D79 /* Frameworks */,
				D1AFF0BB2C0C3EBC006C9D79 /* Resources */,
			);
			buildRules = (
			);
			dependencies = (
				D1AFF0BF2C0C3EBC006C9D79 /* PBXTargetDependency */,
			);
			name = WeatherUITests;
			productName = WeatherUITests;
			productReference = D1AFF0BD2C0C3EBC006C9D79 /* WeatherUITests.xctest */;
			productType = "com.apple.product-type.bundle.ui-testing";
		};
/* End PBXNativeTarget section */

/* Begin PBXProject section */
		D1AFF09A2C0C3EB9006C9D79 /* Project object */ = {
			isa = PBXProject;
			attributes = {
				BuildIndependentTargetsInParallel = 1;
				LastSwiftUpdateCheck = 1540;
				LastUpgradeCheck = 1540;
				TargetAttributes = {
					D1AFF0A12C0C3EB9006C9D79 = {
						CreatedOnToolsVersion = 15.4;
						LastSwiftMigration = 1540;
					};
					D1AFF0B22C0C3EBC006C9D79 = {
						CreatedOnToolsVersion = 15.4;
						TestTargetID = D1AFF0A12C0C3EB9006C9D79;
					};
					D1AFF0BC2C0C3EBC006C9D79 = {
						CreatedOnToolsVersion = 15.4;
						TestTargetID = D1AFF0A12C0C3EB9006C9D79;
					};
				};
			};
			buildConfigurationList = D1AFF09D2C0C3EB9006C9D79 /* Build configuration list for PBXProject "Weather" */;
			compatibilityVersion = "Xcode 14.0";
			developmentRegion = en;
			hasScannedForEncodings = 0;
			knownRegions = (
				en,
				Base,
			);
			mainGroup = D1AFF0992C0C3EB9006C9D79;
			packageReferences = (
			);
			productRefGroup = D1AFF0A32C0C3EB9006C9D79 /* Products */;
			projectDirPath = "";
			projectRoot = "";
			targets = (
				D1AFF0A12C0C3EB9006C9D79 /* Weather */,
				D1AFF0B22C0C3EBC006C9D79 /* WeatherTests */,
				D1AFF0BC2C0C3EBC006C9D79 /* WeatherUITests */,
			);
		};
/* End PBXProject section */

/* Begin PBXResourcesBuildPhase section */
		D1AFF0A02C0C3EB9006C9D79 /* Resources */ = {
			isa = PBXResourcesBuildPhase;
			buildActionMask = 2147483647;
			files = (
				D1AFF0AE2C0C3EBC006C9D79 /* Preview Assets.xcassets in Resources */,
				D1AFF0AA2C0C3EBC006C9D79 /* Assets.xcassets in Resources */,
			);
			runOnlyForDeploymentPostprocessing = 0;
		};
		D1AFF0B12C0C3EBC006C9D79 /* Resources */ = {
			isa = PBXResourcesBuildPhase;
			buildActionMask = 2147483647;
			files = (
			);
			runOnlyForDeploymentPostprocessing = 0;
		};
		D1AFF0BB2C0C3EBC006C9D79 /* Resources */ = {
			isa = PBXResourcesBuildPhase;
			buildActionMask = 2147483647;
			files = (
			);
			runOnlyForDeploymentPostprocessing = 0;
		};
/* End PBXResourcesBuildPhase section */

/* Begin PBXSourcesBuildPhase section */
		D1AFF09E2C0C3EB9006C9D79 /* Sources */ = {
			isa = PBXSourcesBuildPhase;
			buildActionMask = 2147483647;
			files = (
				D19424F32C0DAF0F00F903D6 /* Stacks.swift in Sources */,
				D19424F92C0DC3C800F903D6 /* Padding.swift in Sources */,
				D1AFF0D52C0C41B0006C9D79 /* ExtractData.swift in Sources */,
				D1AFF0A82C0C3EB9006C9D79 /* ContentView.swift in Sources */,
				D1AFF0A62C0C3EB9006C9D79 /* WeatherApp.swift in Sources */,
			);
			runOnlyForDeploymentPostprocessing = 0;
		};
		D1AFF0AF2C0C3EBC006C9D79 /* Sources */ = {
			isa = PBXSourcesBuildPhase;
			buildActionMask = 2147483647;
			files = (
				D1AFF0B82C0C3EBC006C9D79 /* WeatherTests.swift in Sources */,
			);
			runOnlyForDeploymentPostprocessing = 0;
		};
		D1AFF0B92C0C3EBC006C9D79 /* Sources */ = {
			isa = PBXSourcesBuildPhase;
			buildActionMask = 2147483647;
			files = (
				D1AFF0C22C0C3EBC006C9D79 /* WeatherUITests.swift in Sources */,
				D1AFF0C42C0C3EBC006C9D79 /* WeatherUITestsLaunchTests.swift in Sources */,
			);
			runOnlyForDeploymentPostprocessing = 0;
		};
/* End PBXSourcesBuildPhase section */

/* Begin PBXTargetDependency section */
		D1AFF0B52C0C3EBC006C9D79 /* PBXTargetDependency */ = {
			isa = PBXTargetDependency;
			target = D1AFF0A12C0C3EB9006C9D79 /* Weather */;
			targetProxy = D1AFF0B42C0C3EBC006C9D79 /* PBXContainerItemProxy */;
		};
		D1AFF0BF2C0C3EBC006C9D79 /* PBXTargetDependency */ = {
			isa = PBXTargetDependency;
			target = D1AFF0A12C0C3EB9006C9D79 /* Weather */;
			targetProxy = D1AFF0BE2C0C3EBC006C9D79 /* PBXContainerItemProxy */;
		};
/* End PBXTargetDependency section */

/* Begin XCBuildConfiguration section */
		D1AFF0C52C0C3EBC006C9D79 /* Debug */ = {
			isa = XCBuildConfiguration;
			buildSettings = {
				ALWAYS_SEARCH_USER_PATHS = NO;
				ASSETCATALOG_COMPILER_GENERATE_SWIFT_ASSET_SYMBOL_EXTENSIONS = YES;
				CLANG_ANALYZER_NONNULL = YES;
				CLANG_ANALYZER_NUMBER_OBJECT_CONVERSION = YES_AGGRESSIVE;
				CLANG_CXX_LANGUAGE_STANDARD = "gnu++20";
				CLANG_ENABLE_MODULES = YES;
				CLANG_ENABLE_OBJC_ARC = YES;
				CLANG_ENABLE_OBJC_WEAK = YES;
				CLANG_WARN_BLOCK_CAPTURE_AUTORELEASING = YES;
				CLANG_WARN_BOOL_CONVERSION = YES;
				CLANG_WARN_COMMA = YES;
				CLANG_WARN_CONSTANT_CONVERSION = YES;
				CLANG_WARN_DEPRECATED_OBJC_IMPLEMENTATIONS = YES;
				CLANG_WARN_DIRECT_OBJC_ISA_USAGE = YES_ERROR;
				CLANG_WARN_DOCUMENTATION_COMMENTS = YES;
				CLANG_WARN_EMPTY_BODY = YES;
				CLANG_WARN_ENUM_CONVERSION = YES;
				CLANG_WARN_INFINITE_RECURSION = YES;
				CLANG_WARN_INT_CONVERSION = YES;
				CLANG_WARN_NON_LITERAL_NULL_CONVERSION = YES;
				CLANG_WARN_OBJC_IMPLICIT_RETAIN_SELF = YES;
				CLANG_WARN_OBJC_LITERAL_CONVERSION = YES;
				CLANG_WARN_OBJC_ROOT_CLASS = YES_ERROR;
				CLANG_WARN_QUOTED_INCLUDE_IN_FRAMEWORK_HEADER = YES;
				CLANG_WARN_RANGE_LOOP_ANALYSIS = YES;
				CLANG_WARN_STRICT_PROTOTYPES = YES;
				CLANG_WARN_SUSPICIOUS_MOVE = YES;
				CLANG_WARN_UNGUARDED_AVAILABILITY = YES_AGGRESSIVE;
				CLANG_WARN_UNREACHABLE_CODE = YES;
				CLANG_WARN__DUPLICATE_METHOD_MATCH = YES;
				COPY_PHASE_STRIP = NO;
				DEBUG_INFORMATION_FORMAT = dwarf;
				ENABLE_STRICT_OBJC_MSGSEND = YES;
				ENABLE_TESTABILITY = YES;
				ENABLE_USER_SCRIPT_SANDBOXING = YES;
				GCC_C_LANGUAGE_STANDARD = gnu17;
				GCC_DYNAMIC_NO_PIC = NO;
				GCC_NO_COMMON_BLOCKS = YES;
				GCC_OPTIMIZATION_LEVEL = 0;
				GCC_PREPROCESSOR_DEFINITIONS = (
					"DEBUG=1",
					"$(inherited)",
				);
				GCC_WARN_64_TO_32_BIT_CONVERSION = YES;
				GCC_WARN_ABOUT_RETURN_TYPE = YES_ERROR;
				GCC_WARN_UNDECLARED_SELECTOR = YES;
				GCC_WARN_UNINITIALIZED_AUTOS = YES_AGGRESSIVE;
				GCC_WARN_UNUSED_FUNCTION = YES;
				GCC_WARN_UNUSED_VARIABLE = YES;
				LOCALIZATION_PREFERS_STRING_CATALOGS = YES;
				MTL_ENABLE_DEBUG_INFO = INCLUDE_SOURCE;
				MTL_FAST_MATH = YES;
				ONLY_ACTIVE_ARCH = YES;
				SWIFT_ACTIVE_COMPILATION_CONDITIONS = "DEBUG $(inherited)";
				SWIFT_OPTIMIZATION_LEVEL = "-Onone";
			};
			name = Debug;
		};
		D1AFF0C62C0C3EBC006C9D79 /* Release */ = {
			isa = XCBuildConfiguration;
			buildSettings = {
				ALWAYS_SEARCH_USER_PATHS = NO;
				ASSETCATALOG_COMPILER_GENERATE_SWIFT_ASSET_SYMBOL_EXTENSIONS = YES;
				CLANG_ANALYZER_NONNULL = YES;
				CLANG_ANALYZER_NUMBER_OBJECT_CONVERSION = YES_AGGRESSIVE;
				CLANG_CXX_LANGUAGE_STANDARD = "gnu++20";
				CLANG_ENABLE_MODULES = YES;
				CLANG_ENABLE_OBJC_ARC = YES;
				CLANG_ENABLE_OBJC_WEAK = YES;
				CLANG_WARN_BLOCK_CAPTURE_AUTORELEASING = YES;
				CLANG_WARN_BOOL_CONVERSION = YES;
				CLANG_WARN_COMMA = YES;
				CLANG_WARN_CONSTANT_CONVERSION = YES;
				CLANG_WARN_DEPRECATED_OBJC_IMPLEMENTATIONS = YES;
				CLANG_WARN_DIRECT_OBJC_ISA_USAGE = YES_ERROR;
				CLANG_WARN_DOCUMENTATION_COMMENTS = YES;
				CLANG_WARN_EMPTY_BODY = YES;
				CLANG_WARN_ENUM_CONVERSION = YES;
				CLANG_WARN_INFINITE_RECURSION = YES;
				CLANG_WARN_INT_CONVERSION = YES;
				CLANG_WARN_NON_LITERAL_NULL_CONVERSION = YES;
				CLANG_WARN_OBJC_IMPLICIT_RETAIN_SELF = YES;
				CLANG_WARN_OBJC_LITERAL_CONVERSION = YES;
				CLANG_WARN_OBJC_ROOT_CLASS = YES_ERROR;
				CLANG_WARN_QUOTED_INCLUDE_IN_FRAMEWORK_HEADER = YES;
				CLANG_WARN_RANGE_LOOP_ANALYSIS = YES;
				CLANG_WARN_STRICT_PROTOTYPES = YES;
				CLANG_WARN_SUSPICIOUS_MOVE = YES;
				CLANG_WARN_UNGUARDED_AVAILABILITY = YES_AGGRESSIVE;
				CLANG_WARN_UNREACHABLE_CODE = YES;
				CLANG_WARN__DUPLICATE_METHOD_MATCH = YES;
				COPY_PHASE_STRIP = NO;
				DEBUG_INFORMATION_FORMAT = "dwarf-with-dsym";
				ENABLE_NS_ASSERTIONS = NO;
				ENABLE_STRICT_OBJC_MSGSEND = YES;
				ENABLE_USER_SCRIPT_SANDBOXING = YES;
				GCC_C_LANGUAGE_STANDARD = gnu17;
				GCC_NO_COMMON_BLOCKS = YES;
				GCC_WARN_64_TO_32_BIT_CONVERSION = YES;
				GCC_WARN_ABOUT_RETURN_TYPE = YES_ERROR;
				GCC_WARN_UNDECLARED_SELECTOR = YES;
				GCC_WARN_UNINITIALIZED_AUTOS = YES_AGGRESSIVE;
				GCC_WARN_UNUSED_FUNCTION = YES;
				GCC_WARN_UNUSED_VARIABLE = YES;
				LOCALIZATION_PREFERS_STRING_CATALOGS = YES;
				MTL_ENABLE_DEBUG_INFO = NO;
				MTL_FAST_MATH = YES;
				SWIFT_COMPILATION_MODE = wholemodule;
			};
			name = Release;
		};
		D1AFF0C82C0C3EBC006C9D79 /* Debug */ = {
			isa = XCBuildConfiguration;
			buildSettings = {
				ASSETCATALOG_COMPILER_APPICON_NAME = AppIcon;
				ASSETCATALOG_COMPILER_GLOBAL_ACCENT_COLOR_NAME = AccentColor;
				CLANG_ENABLE_MODULES = YES;
				CODE_SIGN_ENTITLEMENTS = Weather/Weather.entitlements;
				CODE_SIGN_STYLE = Automatic;
				CURRENT_PROJECT_VERSION = 1;
				DEVELOPMENT_ASSET_PATHS = "\"Weather/Preview Content\"";
				DEVELOPMENT_TEAM = 568SNGB3DW;
				ENABLE_HARDENED_RUNTIME = YES;
				ENABLE_PREVIEWS = YES;
				GENERATE_INFOPLIST_FILE = YES;
				"INFOPLIST_KEY_UIApplicationSceneManifest_Generation[sdk=iphoneos*]" = YES;
				"INFOPLIST_KEY_UIApplicationSceneManifest_Generation[sdk=iphonesimulator*]" = YES;
				"INFOPLIST_KEY_UIApplicationSupportsIndirectInputEvents[sdk=iphoneos*]" = YES;
				"INFOPLIST_KEY_UIApplicationSupportsIndirectInputEvents[sdk=iphonesimulator*]" = YES;
				"INFOPLIST_KEY_UILaunchScreen_Generation[sdk=iphoneos*]" = YES;
				"INFOPLIST_KEY_UILaunchScreen_Generation[sdk=iphonesimulator*]" = YES;
				"INFOPLIST_KEY_UIStatusBarStyle[sdk=iphoneos*]" = UIStatusBarStyleDefault;
				"INFOPLIST_KEY_UIStatusBarStyle[sdk=iphonesimulator*]" = UIStatusBarStyleDefault;
				INFOPLIST_KEY_UISupportedInterfaceOrientations_iPad = "UIInterfaceOrientationPortrait UIInterfaceOrientationPortraitUpsideDown UIInterfaceOrientationLandscapeLeft UIInterfaceOrientationLandscapeRight";
				INFOPLIST_KEY_UISupportedInterfaceOrientations_iPhone = "UIInterfaceOrientationPortrait UIInterfaceOrientationLandscapeLeft UIInterfaceOrientationLandscapeRight";
				IPHONEOS_DEPLOYMENT_TARGET = 17.5;
				LD_RUNPATH_SEARCH_PATHS = "@executable_path/Frameworks";
				"LD_RUNPATH_SEARCH_PATHS[sdk=macosx*]" = "@executable_path/../Frameworks";
				MACOSX_DEPLOYMENT_TARGET = 14.5;
				MARKETING_VERSION = 1.0;
				PRODUCT_BUNDLE_IDENTIFIER = com.jeevanghimire.Weather;
				PRODUCT_NAME = "$(TARGET_NAME)";
				SDKROOT = auto;
				SUPPORTED_PLATFORMS = "iphoneos iphonesimulator macosx";
				SWIFT_EMIT_LOC_STRINGS = YES;
				SWIFT_OBJC_BRIDGING_HEADER = "Weather/View/Stack/Weather-Bridging-Header.h";
				SWIFT_OPTIMIZATION_LEVEL = "-Onone";
				SWIFT_VERSION = 5.0;
				TARGETED_DEVICE_FAMILY = "1,2";
			};
			name = Debug;
		};
		D1AFF0C92C0C3EBC006C9D79 /* Release */ = {
			isa = XCBuildConfiguration;
			buildSettings = {
				ASSETCATALOG_COMPILER_APPICON_NAME = AppIcon;
				ASSETCATALOG_COMPILER_GLOBAL_ACCENT_COLOR_NAME = AccentColor;
				CLANG_ENABLE_MODULES = YES;
				CODE_SIGN_ENTITLEMENTS = Weather/Weather.entitlements;
				CODE_SIGN_STYLE = Automatic;
				CURRENT_PROJECT_VERSION = 1;
				DEVELOPMENT_ASSET_PATHS = "\"Weather/Preview Content\"";
				DEVELOPMENT_TEAM = 568SNGB3DW;
				ENABLE_HARDENED_RUNTIME = YES;
				ENABLE_PREVIEWS = YES;
				GENERATE_INFOPLIST_FILE = YES;
				"INFOPLIST_KEY_UIApplicationSceneManifest_Generation[sdk=iphoneos*]" = YES;
				"INFOPLIST_KEY_UIApplicationSceneManifest_Generation[sdk=iphonesimulator*]" = YES;
				"INFOPLIST_KEY_UIApplicationSupportsIndirectInputEvents[sdk=iphoneos*]" = YES;
				"INFOPLIST_KEY_UIApplicationSupportsIndirectInputEvents[sdk=iphonesimulator*]" = YES;
				"INFOPLIST_KEY_UILaunchScreen_Generation[sdk=iphoneos*]" = YES;
				"INFOPLIST_KEY_UILaunchScreen_Generation[sdk=iphonesimulator*]" = YES;
				"INFOPLIST_KEY_UIStatusBarStyle[sdk=iphoneos*]" = UIStatusBarStyleDefault;
				"INFOPLIST_KEY_UIStatusBarStyle[sdk=iphonesimulator*]" = UIStatusBarStyleDefault;
				INFOPLIST_KEY_UISupportedInterfaceOrientations_iPad = "UIInterfaceOrientationPortrait UIInterfaceOrientationPortraitUpsideDown UIInterfaceOrientationLandscapeLeft UIInterfaceOrientationLandscapeRight";
				INFOPLIST_KEY_UISupportedInterfaceOrientations_iPhone = "UIInterfaceOrientationPortrait UIInterfaceOrientationLandscapeLeft UIInterfaceOrientationLandscapeRight";
				IPHONEOS_DEPLOYMENT_TARGET = 17.5;
				LD_RUNPATH_SEARCH_PATHS = "@executable_path/Frameworks";
				"LD_RUNPATH_SEARCH_PATHS[sdk=macosx*]" = "@executable_path/../Frameworks";
				MACOSX_DEPLOYMENT_TARGET = 14.5;
				MARKETING_VERSION = 1.0;
				PRODUCT_BUNDLE_IDENTIFIER = com.jeevanghimire.Weather;
				PRODUCT_NAME = "$(TARGET_NAME)";
				SDKROOT = auto;
				SUPPORTED_PLATFORMS = "iphoneos iphonesimulator macosx";
				SWIFT_EMIT_LOC_STRINGS = YES;
				SWIFT_OBJC_BRIDGING_HEADER = "Weather/View/Stack/Weather-Bridging-Header.h";
				SWIFT_VERSION = 5.0;
				TARGETED_DEVICE_FAMILY = "1,2";
			};
			name = Release;
		};
		D1AFF0CB2C0C3EBC006C9D79 /* Debug */ = {
			isa = XCBuildConfiguration;
			buildSettings = {
				ALWAYS_EMBED_SWIFT_STANDARD_LIBRARIES = YES;
				BUNDLE_LOADER = "$(TEST_HOST)";
				CODE_SIGN_STYLE = Automatic;
				CURRENT_PROJECT_VERSION = 1;
				DEVELOPMENT_TEAM = 568SNGB3DW;
				GENERATE_INFOPLIST_FILE = YES;
				IPHONEOS_DEPLOYMENT_TARGET = 17.5;
				MACOSX_DEPLOYMENT_TARGET = 14.5;
				MARKETING_VERSION = 1.0;
				PRODUCT_BUNDLE_IDENTIFIER = com.jeevanghimire.WeatherTests;
				PRODUCT_NAME = "$(TARGET_NAME)";
				SDKROOT = auto;
				SUPPORTED_PLATFORMS = "iphoneos iphonesimulator macosx";
				SWIFT_EMIT_LOC_STRINGS = NO;
				SWIFT_VERSION = 5.0;
				TARGETED_DEVICE_FAMILY = "1,2";
				TEST_HOST = "$(BUILT_PRODUCTS_DIR)/Weather.app/$(BUNDLE_EXECUTABLE_FOLDER_PATH)/Weather";
			};
			name = Debug;
		};
		D1AFF0CC2C0C3EBC006C9D79 /* Release */ = {
			isa = XCBuildConfiguration;
			buildSettings = {
				ALWAYS_EMBED_SWIFT_STANDARD_LIBRARIES = YES;
				BUNDLE_LOADER = "$(TEST_HOST)";
				CODE_SIGN_STYLE = Automatic;
				CURRENT_PROJECT_VERSION = 1;
				DEVELOPMENT_TEAM = 568SNGB3DW;
				GENERATE_INFOPLIST_FILE = YES;
				IPHONEOS_DEPLOYMENT_TARGET = 17.5;
				MACOSX_DEPLOYMENT_TARGET = 14.5;
				MARKETING_VERSION = 1.0;
				PRODUCT_BUNDLE_IDENTIFIER = com.jeevanghimire.WeatherTests;
				PRODUCT_NAME = "$(TARGET_NAME)";
				SDKROOT = auto;
				SUPPORTED_PLATFORMS = "iphoneos iphonesimulator macosx";
				SWIFT_EMIT_LOC_STRINGS = NO;
				SWIFT_VERSION = 5.0;
				TARGETED_DEVICE_FAMILY = "1,2";
				TEST_HOST = "$(BUILT_PRODUCTS_DIR)/Weather.app/$(BUNDLE_EXECUTABLE_FOLDER_PATH)/Weather";
			};
			name = Release;
		};
		D1AFF0CE2C0C3EBC006C9D79 /* Debug */ = {
			isa = XCBuildConfiguration;
			buildSettings = {
				ALWAYS_EMBED_SWIFT_STANDARD_LIBRARIES = YES;
				CODE_SIGN_STYLE = Automatic;
				CURRENT_PROJECT_VERSION = 1;
				DEVELOPMENT_TEAM = 568SNGB3DW;
				GENERATE_INFOPLIST_FILE = YES;
				IPHONEOS_DEPLOYMENT_TARGET = 17.5;
				MACOSX_DEPLOYMENT_TARGET = 14.5;
				MARKETING_VERSION = 1.0;
				PRODUCT_BUNDLE_IDENTIFIER = com.jeevanghimire.WeatherUITests;
				PRODUCT_NAME = "$(TARGET_NAME)";
				SDKROOT = auto;
				SUPPORTED_PLATFORMS = "iphoneos iphonesimulator macosx";
				SWIFT_EMIT_LOC_STRINGS = NO;
				SWIFT_VERSION = 5.0;
				TARGETED_DEVICE_FAMILY = "1,2";
				TEST_TARGET_NAME = Weather;
			};
			name = Debug;
		};
		D1AFF0CF2C0C3EBC006C9D79 /* Release */ = {
			isa = XCBuildConfiguration;
			buildSettings = {
				ALWAYS_EMBED_SWIFT_STANDARD_LIBRARIES = YES;
				CODE_SIGN_STYLE = Automatic;
				CURRENT_PROJECT_VERSION = 1;
				DEVELOPMENT_TEAM = 568SNGB3DW;
				GENERATE_INFOPLIST_FILE = YES;
				IPHONEOS_DEPLOYMENT_TARGET = 17.5;
				MACOSX_DEPLOYMENT_TARGET = 14.5;
				MARKETING_VERSION = 1.0;
				PRODUCT_BUNDLE_IDENTIFIER = com.jeevanghimire.WeatherUITests;
				PRODUCT_NAME = "$(TARGET_NAME)";
				SDKROOT = auto;
				SUPPORTED_PLATFORMS = "iphoneos iphonesimulator macosx";
				SWIFT_EMIT_LOC_STRINGS = NO;
				SWIFT_VERSION = 5.0;
				TARGETED_DEVICE_FAMILY = "1,2";
				TEST_TARGET_NAME = Weather;
			};
			name = Release;
		};
/* End XCBuildConfiguration section */

/* Begin XCConfigurationList section */
		D1AFF09D2C0C3EB9006C9D79 /* Build configuration list for PBXProject "Weather" */ = {
			isa = XCConfigurationList;
			buildConfigurations = (
				D1AFF0C52C0C3EBC006C9D79 /* Debug */,
				D1AFF0C62C0C3EBC006C9D79 /* Release */,
			);
			defaultConfigurationIsVisible = 0;
			defaultConfigurationName = Release;
		};
		D1AFF0C72C0C3EBC006C9D79 /* Build configuration list for PBXNativeTarget "Weather" */ = {
			isa = XCConfigurationList;
			buildConfigurations = (
				D1AFF0C82C0C3EBC006C9D79 /* Debug */,
				D1AFF0C92C0C3EBC006C9D79 /* Release */,
			);
			defaultConfigurationIsVisible = 0;
			defaultConfigurationName = Release;
		};
		D1AFF0CA2C0C3EBC006C9D79 /* Build configuration list for PBXNativeTarget "WeatherTests" */ = {
			isa = XCConfigurationList;
			buildConfigurations = (
				D1AFF0CB2C0C3EBC006C9D79 /* Debug */,
				D1AFF0CC2C0C3EBC006C9D79 /* Release */,
			);
			defaultConfigurationIsVisible = 0;
			defaultConfigurationName = Release;
		};
		D1AFF0CD2C0C3EBC006C9D79 /* Build configuration list for PBXNativeTarget "WeatherUITests" */ = {
			isa = XCConfigurationList;
			buildConfigurations = (
				D1AFF0CE2C0C3EBC006C9D79 /* Debug */,
				D1AFF0CF2C0C3EBC006C9D79 /* Release */,
			);
			defaultConfigurationIsVisible = 0;
			defaultConfigurationName = Release;
		};
/* End XCConfigurationList section */
	};
	rootObject = D1AFF09A2C0C3EB9006C9D79 /* Project object */;
}
